// !$*UTF8*$!
{
	archiveVersion = 1;
	classes = {
	};
	objectVersion = 50;
	objects = {

/* Begin PBXBuildFile section */
		C101D04524BF2FB900781F10 /* Track.m in Sources */ = {isa = PBXBuildFile; fileRef = C101D04424BF2FB900781F10 /* Track.m */; };
		C101D04824BF2FD000781F10 /* Artist.m in Sources */ = {isa = PBXBuildFile; fileRef = C101D04724BF2FD000781F10 /* Artist.m */; };
		C101D04B24BF2FE200781F10 /* Album.m in Sources */ = {isa = PBXBuildFile; fileRef = C101D04A24BF2FE200781F10 /* Album.m */; };
		C101D04E24BF2FF400781F10 /* Playlist.m in Sources */ = {isa = PBXBuildFile; fileRef = C101D04D24BF2FF400781F10 /* Playlist.m */; };
		C101D05124BF301600781F10 /* WebRequestHandler.m in Sources */ = {isa = PBXBuildFile; fileRef = C101D05024BF301600781F10 /* WebRequestHandler.m */; };
		C101D05424BF303500781F10 /* MusicAPI.m in Sources */ = {isa = PBXBuildFile; fileRef = C101D05324BF303500781F10 /* MusicAPI.m */; };
		C13EF0AA24C02AA30024721C /* MainTabBarController.m in Sources */ = {isa = PBXBuildFile; fileRef = C13EF0A924C02AA30024721C /* MainTabBarController.m */; };
		C13EF0AE24C02D380024721C /* TrackCustomTableCell.m in Sources */ = {isa = PBXBuildFile; fileRef = C13EF0AD24C02D380024721C /* TrackCustomTableCell.m */; };
		C13EF0B124C03D500024721C /* Constants.m in Sources */ = {isa = PBXBuildFile; fileRef = C13EF0B024C03D500024721C /* Constants.m */; };
		C181AE5A24C1708C009C59A2 /* PlaylistCustomCollectionViewCell.m in Sources */ = {isa = PBXBuildFile; fileRef = C181AE5924C1708C009C59A2 /* PlaylistCustomCollectionViewCell.m */; };
		C181AE5E24C17FEF009C59A2 /* AlbumDetailViewController.m in Sources */ = {isa = PBXBuildFile; fileRef = C181AE5D24C17FEF009C59A2 /* AlbumDetailViewController.m */; };
		C181AE6124C191CA009C59A2 /* PlaylistDetailViewController.m in Sources */ = {isa = PBXBuildFile; fileRef = C181AE6024C191CA009C59A2 /* PlaylistDetailViewController.m */; };
		C181AE6424C192AF009C59A2 /* PlaylistTrackCustomCell.m in Sources */ = {isa = PBXBuildFile; fileRef = C181AE6324C192AF009C59A2 /* PlaylistTrackCustomCell.m */; };
		C1ACCFAA24C06814009BB242 /* AlbumCustomCollectionViewCell.m in Sources */ = {isa = PBXBuildFile; fileRef = C1ACCFA924C06814009BB242 /* AlbumCustomCollectionViewCell.m */; };
		C1FCAAA424BF04B6001986DD /* AppDelegate.m in Sources */ = {isa = PBXBuildFile; fileRef = C1FCAAA324BF04B6001986DD /* AppDelegate.m */; };
		C1FCAAAC24BF04B8001986DD /* Assets.xcassets in Resources */ = {isa = PBXBuildFile; fileRef = C1FCAAAB24BF04B8001986DD /* Assets.xcassets */; };
		C1FCAAAF24BF04B8001986DD /* LaunchScreen.storyboard in Resources */ = {isa = PBXBuildFile; fileRef = C1FCAAAD24BF04B8001986DD /* LaunchScreen.storyboard */; };
		C1FCAAB224BF04B8001986DD /* main.m in Sources */ = {isa = PBXBuildFile; fileRef = C1FCAAB124BF04B8001986DD /* main.m */; };
		C1FCAAC124BF1A2F001986DD /* TrackTabViewController.m in Sources */ = {isa = PBXBuildFile; fileRef = C1FCAAC024BF1A2F001986DD /* TrackTabViewController.m */; };
		C1FCAAC424BF1A6A001986DD /* AlbumsTabViewController.m in Sources */ = {isa = PBXBuildFile; fileRef = C1FCAAC324BF1A6A001986DD /* AlbumsTabViewController.m */; };
		C1FCAAC724BF1A91001986DD /* ArtistsTabViewController.m in Sources */ = {isa = PBXBuildFile; fileRef = C1FCAAC624BF1A91001986DD /* ArtistsTabViewController.m */; };
		C1FCAACA24BF1AB0001986DD /* PlaylistsTabViewController.m in Sources */ = {isa = PBXBuildFile; fileRef = C1FCAAC924BF1AB0001986DD /* PlaylistsTabViewController.m */; };
/* End PBXBuildFile section */

/* Begin PBXFileReference section */
		C101D04324BF2FB900781F10 /* Track.h */ = {isa = PBXFileReference; lastKnownFileType = sourcecode.c.h; path = Track.h; sourceTree = "<group>"; };
		C101D04424BF2FB900781F10 /* Track.m */ = {isa = PBXFileReference; lastKnownFileType = sourcecode.c.objc; path = Track.m; sourceTree = "<group>"; };
		C101D04624BF2FD000781F10 /* Artist.h */ = {isa = PBXFileReference; lastKnownFileType = sourcecode.c.h; path = Artist.h; sourceTree = "<group>"; };
		C101D04724BF2FD000781F10 /* Artist.m */ = {isa = PBXFileReference; lastKnownFileType = sourcecode.c.objc; path = Artist.m; sourceTree = "<group>"; };
		C101D04924BF2FE200781F10 /* Album.h */ = {isa = PBXFileReference; lastKnownFileType = sourcecode.c.h; path = Album.h; sourceTree = "<group>"; };
		C101D04A24BF2FE200781F10 /* Album.m */ = {isa = PBXFileReference; lastKnownFileType = sourcecode.c.objc; path = Album.m; sourceTree = "<group>"; };
		C101D04C24BF2FF400781F10 /* Playlist.h */ = {isa = PBXFileReference; lastKnownFileType = sourcecode.c.h; path = Playlist.h; sourceTree = "<group>"; };
		C101D04D24BF2FF400781F10 /* Playlist.m */ = {isa = PBXFileReference; lastKnownFileType = sourcecode.c.objc; path = Playlist.m; sourceTree = "<group>"; };
		C101D04F24BF301600781F10 /* WebRequestHandler.h */ = {isa = PBXFileReference; lastKnownFileType = sourcecode.c.h; path = WebRequestHandler.h; sourceTree = "<group>"; };
		C101D05024BF301600781F10 /* WebRequestHandler.m */ = {isa = PBXFileReference; lastKnownFileType = sourcecode.c.objc; path = WebRequestHandler.m; sourceTree = "<group>"; };
		C101D05224BF303500781F10 /* MusicAPI.h */ = {isa = PBXFileReference; lastKnownFileType = sourcecode.c.h; path = MusicAPI.h; sourceTree = "<group>"; };
		C101D05324BF303500781F10 /* MusicAPI.m */ = {isa = PBXFileReference; lastKnownFileType = sourcecode.c.objc; path = MusicAPI.m; sourceTree = "<group>"; };
		C104FDDE24C1E09600B2999C /* TrackDetailsDelegate.h */ = {isa = PBXFileReference; lastKnownFileType = sourcecode.c.h; path = TrackDetailsDelegate.h; sourceTree = "<group>"; };
		C13EF0A824C02AA30024721C /* MainTabBarController.h */ = {isa = PBXFileReference; lastKnownFileType = sourcecode.c.h; path = MainTabBarController.h; sourceTree = "<group>"; };
		C13EF0A924C02AA30024721C /* MainTabBarController.m */ = {isa = PBXFileReference; lastKnownFileType = sourcecode.c.objc; path = MainTabBarController.m; sourceTree = "<group>"; };
		C13EF0AC24C02D380024721C /* TrackCustomTableCell.h */ = {isa = PBXFileReference; fileEncoding = 4; lastKnownFileType = sourcecode.c.h; path = TrackCustomTableCell.h; sourceTree = "<group>"; };
		C13EF0AD24C02D380024721C /* TrackCustomTableCell.m */ = {isa = PBXFileReference; fileEncoding = 4; lastKnownFileType = sourcecode.c.objc; path = TrackCustomTableCell.m; sourceTree = "<group>"; };
		C13EF0AF24C03D500024721C /* Constants.h */ = {isa = PBXFileReference; lastKnownFileType = sourcecode.c.h; path = Constants.h; sourceTree = "<group>"; };
		C13EF0B024C03D500024721C /* Constants.m */ = {isa = PBXFileReference; lastKnownFileType = sourcecode.c.objc; path = Constants.m; sourceTree = "<group>"; };
		C181AE5824C1708C009C59A2 /* PlaylistCustomCollectionViewCell.h */ = {isa = PBXFileReference; lastKnownFileType = sourcecode.c.h; path = PlaylistCustomCollectionViewCell.h; sourceTree = "<group>"; };
		C181AE5924C1708C009C59A2 /* PlaylistCustomCollectionViewCell.m */ = {isa = PBXFileReference; lastKnownFileType = sourcecode.c.objc; path = PlaylistCustomCollectionViewCell.m; sourceTree = "<group>"; };
		C181AE5C24C17FEF009C59A2 /* AlbumDetailViewController.h */ = {isa = PBXFileReference; lastKnownFileType = sourcecode.c.h; path = AlbumDetailViewController.h; sourceTree = "<group>"; };
		C181AE5D24C17FEF009C59A2 /* AlbumDetailViewController.m */ = {isa = PBXFileReference; lastKnownFileType = sourcecode.c.objc; path = AlbumDetailViewController.m; sourceTree = "<group>"; };
		C181AE5F24C191CA009C59A2 /* PlaylistDetailViewController.h */ = {isa = PBXFileReference; lastKnownFileType = sourcecode.c.h; path = PlaylistDetailViewController.h; sourceTree = "<group>"; };
		C181AE6024C191CA009C59A2 /* PlaylistDetailViewController.m */ = {isa = PBXFileReference; lastKnownFileType = sourcecode.c.objc; path = PlaylistDetailViewController.m; sourceTree = "<group>"; };
		C181AE6224C192AF009C59A2 /* PlaylistTrackCustomCell.h */ = {isa = PBXFileReference; lastKnownFileType = sourcecode.c.h; path = PlaylistTrackCustomCell.h; sourceTree = "<group>"; };
		C181AE6324C192AF009C59A2 /* PlaylistTrackCustomCell.m */ = {isa = PBXFileReference; lastKnownFileType = sourcecode.c.objc; path = PlaylistTrackCustomCell.m; sourceTree = "<group>"; };
		C1ACCFA824C06814009BB242 /* AlbumCustomCollectionViewCell.h */ = {isa = PBXFileReference; lastKnownFileType = sourcecode.c.h; path = AlbumCustomCollectionViewCell.h; sourceTree = "<group>"; };
		C1ACCFA924C06814009BB242 /* AlbumCustomCollectionViewCell.m */ = {isa = PBXFileReference; lastKnownFileType = sourcecode.c.objc; path = AlbumCustomCollectionViewCell.m; sourceTree = "<group>"; };
		C1FCAA9F24BF04B6001986DD /* MusicApp.app */ = {isa = PBXFileReference; explicitFileType = wrapper.application; includeInIndex = 0; path = MusicApp.app; sourceTree = BUILT_PRODUCTS_DIR; };
		C1FCAAA224BF04B6001986DD /* AppDelegate.h */ = {isa = PBXFileReference; lastKnownFileType = sourcecode.c.h; path = AppDelegate.h; sourceTree = "<group>"; };
		C1FCAAA324BF04B6001986DD /* AppDelegate.m */ = {isa = PBXFileReference; lastKnownFileType = sourcecode.c.objc; path = AppDelegate.m; sourceTree = "<group>"; };
		C1FCAAAB24BF04B8001986DD /* Assets.xcassets */ = {isa = PBXFileReference; lastKnownFileType = folder.assetcatalog; path = Assets.xcassets; sourceTree = "<group>"; };
		C1FCAAAE24BF04B8001986DD /* Base */ = {isa = PBXFileReference; lastKnownFileType = file.storyboard; name = Base; path = Base.lproj/LaunchScreen.storyboard; sourceTree = "<group>"; };
		C1FCAAB024BF04B8001986DD /* Info.plist */ = {isa = PBXFileReference; lastKnownFileType = text.plist.xml; path = Info.plist; sourceTree = "<group>"; };
		C1FCAAB124BF04B8001986DD /* main.m */ = {isa = PBXFileReference; lastKnownFileType = sourcecode.c.objc; path = main.m; sourceTree = "<group>"; };
		C1FCAABF24BF1A2F001986DD /* TrackTabViewController.h */ = {isa = PBXFileReference; lastKnownFileType = sourcecode.c.h; path = TrackTabViewController.h; sourceTree = "<group>"; };
		C1FCAAC024BF1A2F001986DD /* TrackTabViewController.m */ = {isa = PBXFileReference; lastKnownFileType = sourcecode.c.objc; path = TrackTabViewController.m; sourceTree = "<group>"; };
		C1FCAAC224BF1A6A001986DD /* AlbumsTabViewController.h */ = {isa = PBXFileReference; lastKnownFileType = sourcecode.c.h; path = AlbumsTabViewController.h; sourceTree = "<group>"; };
		C1FCAAC324BF1A6A001986DD /* AlbumsTabViewController.m */ = {isa = PBXFileReference; lastKnownFileType = sourcecode.c.objc; path = AlbumsTabViewController.m; sourceTree = "<group>"; };
		C1FCAAC524BF1A91001986DD /* ArtistsTabViewController.h */ = {isa = PBXFileReference; lastKnownFileType = sourcecode.c.h; path = ArtistsTabViewController.h; sourceTree = "<group>"; };
		C1FCAAC624BF1A91001986DD /* ArtistsTabViewController.m */ = {isa = PBXFileReference; lastKnownFileType = sourcecode.c.objc; path = ArtistsTabViewController.m; sourceTree = "<group>"; };
		C1FCAAC824BF1AB0001986DD /* PlaylistsTabViewController.h */ = {isa = PBXFileReference; lastKnownFileType = sourcecode.c.h; path = PlaylistsTabViewController.h; sourceTree = "<group>"; };
		C1FCAAC924BF1AB0001986DD /* PlaylistsTabViewController.m */ = {isa = PBXFileReference; lastKnownFileType = sourcecode.c.objc; path = PlaylistsTabViewController.m; sourceTree = "<group>"; };
/* End PBXFileReference section */

/* Begin PBXFrameworksBuildPhase section */
		C1FCAA9C24BF04B6001986DD /* Frameworks */ = {
			isa = PBXFrameworksBuildPhase;
			buildActionMask = 2147483647;
			files = (
			);
			runOnlyForDeploymentPostprocessing = 0;
		};
/* End PBXFrameworksBuildPhase section */

/* Begin PBXGroup section */
		C104FDDD24C1E07C00B2999C /* Protocols */ = {
			isa = PBXGroup;
			children = (
				C104FDDE24C1E09600B2999C /* TrackDetailsDelegate.h */,
			);
			path = Protocols;
			sourceTree = "<group>";
		};
		C13EF0AB24C02D380024721C /* CustomUI */ = {
			isa = PBXGroup;
			children = (
				C13EF0AC24C02D380024721C /* TrackCustomTableCell.h */,
				C13EF0AD24C02D380024721C /* TrackCustomTableCell.m */,
				C1ACCFA824C06814009BB242 /* AlbumCustomCollectionViewCell.h */,
				C1ACCFA924C06814009BB242 /* AlbumCustomCollectionViewCell.m */,
				C181AE5824C1708C009C59A2 /* PlaylistCustomCollectionViewCell.h */,
				C181AE5924C1708C009C59A2 /* PlaylistCustomCollectionViewCell.m */,
				C181AE6224C192AF009C59A2 /* PlaylistTrackCustomCell.h */,
				C181AE6324C192AF009C59A2 /* PlaylistTrackCustomCell.m */,
			);
			path = CustomUI;
			sourceTree = "<group>";
		};
		C181AE5B24C17FDC009C59A2 /* DetailViewControllers */ = {
			isa = PBXGroup;
			children = (
				C181AE5C24C17FEF009C59A2 /* AlbumDetailViewController.h */,
				C181AE5D24C17FEF009C59A2 /* AlbumDetailViewController.m */,
				C181AE5F24C191CA009C59A2 /* PlaylistDetailViewController.h */,
				C181AE6024C191CA009C59A2 /* PlaylistDetailViewController.m */,
			);
			path = DetailViewControllers;
			sourceTree = "<group>";
		};
		C1FCAA9624BF04B5001986DD = {
			isa = PBXGroup;
			children = (
				C1FCAAA124BF04B6001986DD /* MusicApp */,
				C1FCAAA024BF04B6001986DD /* Products */,
			);
			sourceTree = "<group>";
		};
		C1FCAAA024BF04B6001986DD /* Products */ = {
			isa = PBXGroup;
			children = (
				C1FCAA9F24BF04B6001986DD /* MusicApp.app */,
			);
			name = Products;
			sourceTree = "<group>";
		};
		C1FCAAA124BF04B6001986DD /* MusicApp */ = {
			isa = PBXGroup;
			children = (
				C104FDDD24C1E07C00B2999C /* Protocols */,
				C1FCAABE24BF0620001986DD /* Network Controllers */,
				C1FCAABD24BF0614001986DD /* Model Classes */,
				C1FCAABC24BF05E7001986DD /* Controllers */,
				C1FCAAB824BF05B8001986DD /* View Controllers */,
				C1FCAAA224BF04B6001986DD /* AppDelegate.h */,
				C1FCAAA324BF04B6001986DD /* AppDelegate.m */,
				C1FCAAAB24BF04B8001986DD /* Assets.xcassets */,
				C1FCAAAD24BF04B8001986DD /* LaunchScreen.storyboard */,
				C1FCAAB024BF04B8001986DD /* Info.plist */,
				C1FCAAB124BF04B8001986DD /* main.m */,
				C13EF0AF24C03D500024721C /* Constants.h */,
				C13EF0B024C03D500024721C /* Constants.m */,
			);
			path = MusicApp;
			sourceTree = "<group>";
		};
		C1FCAAB824BF05B8001986DD /* View Controllers */ = {
			isa = PBXGroup;
			children = (
				C181AE5B24C17FDC009C59A2 /* DetailViewControllers */,
				C13EF0AB24C02D380024721C /* CustomUI */,
				C1FCAABF24BF1A2F001986DD /* TrackTabViewController.h */,
				C1FCAAC024BF1A2F001986DD /* TrackTabViewController.m */,
				C1FCAAC224BF1A6A001986DD /* AlbumsTabViewController.h */,
				C1FCAAC324BF1A6A001986DD /* AlbumsTabViewController.m */,
				C1FCAAC524BF1A91001986DD /* ArtistsTabViewController.h */,
				C1FCAAC624BF1A91001986DD /* ArtistsTabViewController.m */,
				C1FCAAC824BF1AB0001986DD /* PlaylistsTabViewController.h */,
				C1FCAAC924BF1AB0001986DD /* PlaylistsTabViewController.m */,
				C13EF0A824C02AA30024721C /* MainTabBarController.h */,
				C13EF0A924C02AA30024721C /* MainTabBarController.m */,
			);
			path = "View Controllers";
			sourceTree = "<group>";
		};
		C1FCAABC24BF05E7001986DD /* Controllers */ = {
			isa = PBXGroup;
			children = (
				C101D05224BF303500781F10 /* MusicAPI.h */,
				C101D05324BF303500781F10 /* MusicAPI.m */,
			);
			path = Controllers;
			sourceTree = "<group>";
		};
		C1FCAABD24BF0614001986DD /* Model Classes */ = {
			isa = PBXGroup;
			children = (
				C101D04324BF2FB900781F10 /* Track.h */,
				C101D04424BF2FB900781F10 /* Track.m */,
				C101D04624BF2FD000781F10 /* Artist.h */,
				C101D04724BF2FD000781F10 /* Artist.m */,
				C101D04924BF2FE200781F10 /* Album.h */,
				C101D04A24BF2FE200781F10 /* Album.m */,
				C101D04C24BF2FF400781F10 /* Playlist.h */,
				C101D04D24BF2FF400781F10 /* Playlist.m */,
			);
			path = "Model Classes";
			sourceTree = "<group>";
		};
		C1FCAABE24BF0620001986DD /* Network Controllers */ = {
			isa = PBXGroup;
			children = (
				C101D04F24BF301600781F10 /* WebRequestHandler.h */,
				C101D05024BF301600781F10 /* WebRequestHandler.m */,
			);
			path = "Network Controllers";
			sourceTree = "<group>";
		};
/* End PBXGroup section */

/* Begin PBXNativeTarget section */
		C1FCAA9E24BF04B6001986DD /* MusicApp */ = {
			isa = PBXNativeTarget;
			buildConfigurationList = C1FCAAB524BF04B8001986DD /* Build configuration list for PBXNativeTarget "MusicApp" */;
			buildPhases = (
				C1FCAA9B24BF04B6001986DD /* Sources */,
				C1FCAA9C24BF04B6001986DD /* Frameworks */,
				C1FCAA9D24BF04B6001986DD /* Resources */,
			);
			buildRules = (
			);
			dependencies = (
			);
			name = MusicApp;
			productName = MusicApp;
			productReference = C1FCAA9F24BF04B6001986DD /* MusicApp.app */;
			productType = "com.apple.product-type.application";
		};
/* End PBXNativeTarget section */

/* Begin PBXProject section */
		C1FCAA9724BF04B5001986DD /* Project object */ = {
			isa = PBXProject;
			attributes = {
				LastUpgradeCheck = 1010;
				ORGANIZATIONNAME = mmt;
				TargetAttributes = {
					C1FCAA9E24BF04B6001986DD = {
						CreatedOnToolsVersion = 10.1;
					};
				};
			};
			buildConfigurationList = C1FCAA9A24BF04B5001986DD /* Build configuration list for PBXProject "MusicApp" */;
			compatibilityVersion = "Xcode 9.3";
			developmentRegion = en;
			hasScannedForEncodings = 0;
			knownRegions = (
				en,
				Base,
			);
			mainGroup = C1FCAA9624BF04B5001986DD;
			productRefGroup = C1FCAAA024BF04B6001986DD /* Products */;
			projectDirPath = "";
			projectRoot = "";
			targets = (
				C1FCAA9E24BF04B6001986DD /* MusicApp */,
			);
		};
/* End PBXProject section */

/* Begin PBXResourcesBuildPhase section */
		C1FCAA9D24BF04B6001986DD /* Resources */ = {
			isa = PBXResourcesBuildPhase;
			buildActionMask = 2147483647;
			files = (
				C1FCAAAF24BF04B8001986DD /* LaunchScreen.storyboard in Resources */,
				C1FCAAAC24BF04B8001986DD /* Assets.xcassets in Resources */,
			);
			runOnlyForDeploymentPostprocessing = 0;
		};
/* End PBXResourcesBuildPhase section */

/* Begin PBXSourcesBuildPhase section */
		C1FCAA9B24BF04B6001986DD /* Sources */ = {
			isa = PBXSourcesBuildPhase;
			buildActionMask = 2147483647;
			files = (
				C181AE6124C191CA009C59A2 /* PlaylistDetailViewController.m in Sources */,
				C101D04524BF2FB900781F10 /* Track.m in Sources */,
				C101D05124BF301600781F10 /* WebRequestHandler.m in Sources */,
				C1FCAAC124BF1A2F001986DD /* TrackTabViewController.m in Sources */,
				C101D04824BF2FD000781F10 /* Artist.m in Sources */,
				C101D05424BF303500781F10 /* MusicAPI.m in Sources */,
				C13EF0B124C03D500024721C /* Constants.m in Sources */,
				C1FCAAB224BF04B8001986DD /* main.m in Sources */,
				C1FCAAC424BF1A6A001986DD /* AlbumsTabViewController.m in Sources */,
				C181AE5A24C1708C009C59A2 /* PlaylistCustomCollectionViewCell.m in Sources */,
				C1FCAAA424BF04B6001986DD /* AppDelegate.m in Sources */,
				C13EF0AE24C02D380024721C /* TrackCustomTableCell.m in Sources */,
				C13EF0AA24C02AA30024721C /* MainTabBarController.m in Sources */,
				C101D04B24BF2FE200781F10 /* Album.m in Sources */,
				C1FCAACA24BF1AB0001986DD /* PlaylistsTabViewController.m in Sources */,
				C1ACCFAA24C06814009BB242 /* AlbumCustomCollectionViewCell.m in Sources */,
				C1FCAAC724BF1A91001986DD /* ArtistsTabViewController.m in Sources */,
				C101D04E24BF2FF400781F10 /* Playlist.m in Sources */,
				C181AE6424C192AF009C59A2 /* PlaylistTrackCustomCell.m in Sources */,
				C181AE5E24C17FEF009C59A2 /* AlbumDetailViewController.m in Sources */,
			);
			runOnlyForDeploymentPostprocessing = 0;
		};
/* End PBXSourcesBuildPhase section */

/* Begin PBXVariantGroup section */
		C1FCAAAD24BF04B8001986DD /* LaunchScreen.storyboard */ = {
			isa = PBXVariantGroup;
			children = (
				C1FCAAAE24BF04B8001986DD /* Base */,
			);
			name = LaunchScreen.storyboard;
			sourceTree = "<group>";
		};
/* End PBXVariantGroup section */

/* Begin XCBuildConfiguration section */
		C1FCAAB324BF04B8001986DD /* Debug */ = {
			isa = XCBuildConfiguration;
			buildSettings = {
				ALWAYS_SEARCH_USER_PATHS = NO;
				CLANG_ANALYZER_NONNULL = YES;
				CLANG_ANALYZER_NUMBER_OBJECT_CONVERSION = YES_AGGRESSIVE;
				CLANG_CXX_LANGUAGE_STANDARD = "gnu++14";
				CLANG_CXX_LIBRARY = "libc++";
				CLANG_ENABLE_MODULES = YES;
				CLANG_ENABLE_OBJC_ARC = YES;
				CLANG_ENABLE_OBJC_WEAK = YES;
				CLANG_WARN_BLOCK_CAPTURE_AUTORELEASING = YES;
				CLANG_WARN_BOOL_CONVERSION = YES;
				CLANG_WARN_COMMA = YES;
				CLANG_WARN_CONSTANT_CONVERSION = YES;
				CLANG_WARN_DEPRECATED_OBJC_IMPLEMENTATIONS = YES;
				CLANG_WARN_DIRECT_OBJC_ISA_USAGE = YES_ERROR;
				CLANG_WARN_DOCUMENTATION_COMMENTS = YES;
				CLANG_WARN_EMPTY_BODY = YES;
				CLANG_WARN_ENUM_CONVERSION = YES;
				CLANG_WARN_INFINITE_RECURSION = YES;
				CLANG_WARN_INT_CONVERSION = YES;
				CLANG_WARN_NON_LITERAL_NULL_CONVERSION = YES;
				CLANG_WARN_OBJC_IMPLICIT_RETAIN_SELF = YES;
				CLANG_WARN_OBJC_LITERAL_CONVERSION = YES;
				CLANG_WARN_OBJC_ROOT_CLASS = YES_ERROR;
				CLANG_WARN_RANGE_LOOP_ANALYSIS = YES;
				CLANG_WARN_STRICT_PROTOTYPES = YES;
				CLANG_WARN_SUSPICIOUS_MOVE = YES;
				CLANG_WARN_UNGUARDED_AVAILABILITY = YES_AGGRESSIVE;
				CLANG_WARN_UNREACHABLE_CODE = YES;
				CLANG_WARN__DUPLICATE_METHOD_MATCH = YES;
				CODE_SIGN_IDENTITY = "iPhone Developer";
				COPY_PHASE_STRIP = NO;
				DEBUG_INFORMATION_FORMAT = dwarf;
				ENABLE_STRICT_OBJC_MSGSEND = YES;
				ENABLE_TESTABILITY = YES;
				GCC_C_LANGUAGE_STANDARD = gnu11;
				GCC_DYNAMIC_NO_PIC = NO;
				GCC_NO_COMMON_BLOCKS = YES;
				GCC_OPTIMIZATION_LEVEL = 0;
				GCC_PREPROCESSOR_DEFINITIONS = (
					"DEBUG=1",
					"$(inherited)",
				);
				GCC_WARN_64_TO_32_BIT_CONVERSION = YES;
				GCC_WARN_ABOUT_RETURN_TYPE = YES_ERROR;
				GCC_WARN_UNDECLARED_SELECTOR = YES;
				GCC_WARN_UNINITIALIZED_AUTOS = YES_AGGRESSIVE;
				GCC_WARN_UNUSED_FUNCTION = YES;
				GCC_WARN_UNUSED_VARIABLE = YES;
				IPHONEOS_DEPLOYMENT_TARGET = 12.1;
				MTL_ENABLE_DEBUG_INFO = INCLUDE_SOURCE;
				MTL_FAST_MATH = YES;
				ONLY_ACTIVE_ARCH = YES;
				SDKROOT = iphoneos;
			};
			name = Debug;
		};
		C1FCAAB424BF04B8001986DD /* Release */ = {
			isa = XCBuildConfiguration;
			buildSettings = {
				ALWAYS_SEARCH_USER_PATHS = NO;
				CLANG_ANALYZER_NONNULL = YES;
				CLANG_ANALYZER_NUMBER_OBJECT_CONVERSION = YES_AGGRESSIVE;
				CLANG_CXX_LANGUAGE_STANDARD = "gnu++14";
				CLANG_CXX_LIBRARY = "libc++";
				CLANG_ENABLE_MODULES = YES;
				CLANG_ENABLE_OBJC_ARC = YES;
				CLANG_ENABLE_OBJC_WEAK = YES;
				CLANG_WARN_BLOCK_CAPTURE_AUTORELEASING = YES;
				CLANG_WARN_BOOL_CONVERSION = YES;
				CLANG_WARN_COMMA = YES;
				CLANG_WARN_CONSTANT_CONVERSION = YES;
				CLANG_WARN_DEPRECATED_OBJC_IMPLEMENTATIONS = YES;
				CLANG_WARN_DIRECT_OBJC_ISA_USAGE = YES_ERROR;
				CLANG_WARN_DOCUMENTATION_COMMENTS = YES;
				CLANG_WARN_EMPTY_BODY = YES;
				CLANG_WARN_ENUM_CONVERSION = YES;
				CLANG_WARN_INFINITE_RECURSION = YES;
				CLANG_WARN_INT_CONVERSION = YES;
				CLANG_WARN_NON_LITERAL_NULL_CONVERSION = YES;
				CLANG_WARN_OBJC_IMPLICIT_RETAIN_SELF = YES;
				CLANG_WARN_OBJC_LITERAL_CONVERSION = YES;
				CLANG_WARN_OBJC_ROOT_CLASS = YES_ERROR;
				CLANG_WARN_RANGE_LOOP_ANALYSIS = YES;
				CLANG_WARN_STRICT_PROTOTYPES = YES;
				CLANG_WARN_SUSPICIOUS_MOVE = YES;
				CLANG_WARN_UNGUARDED_AVAILABILITY = YES_AGGRESSIVE;
				CLANG_WARN_UNREACHABLE_CODE = YES;
				CLANG_WARN__DUPLICATE_METHOD_MATCH = YES;
				CODE_SIGN_IDENTITY = "iPhone Developer";
				COPY_PHASE_STRIP = NO;
				DEBUG_INFORMATION_FORMAT = "dwarf-with-dsym";
				ENABLE_NS_ASSERTIONS = NO;
				ENABLE_STRICT_OBJC_MSGSEND = YES;
				GCC_C_LANGUAGE_STANDARD = gnu11;
				GCC_NO_COMMON_BLOCKS = YES;
				GCC_WARN_64_TO_32_BIT_CONVERSION = YES;
				GCC_WARN_ABOUT_RETURN_TYPE = YES_ERROR;
				GCC_WARN_UNDECLARED_SELECTOR = YES;
				GCC_WARN_UNINITIALIZED_AUTOS = YES_AGGRESSIVE;
				GCC_WARN_UNUSED_FUNCTION = YES;
				GCC_WARN_UNUSED_VARIABLE = YES;
				IPHONEOS_DEPLOYMENT_TARGET = 12.1;
				MTL_ENABLE_DEBUG_INFO = NO;
				MTL_FAST_MATH = YES;
				SDKROOT = iphoneos;
				VALIDATE_PRODUCT = YES;
			};
			name = Release;
		};
		C1FCAAB624BF04B8001986DD /* Debug */ = {
			isa = XCBuildConfiguration;
			buildSettings = {
				ASSETCATALOG_COMPILER_APPICON_NAME = AppIcon;
				CODE_SIGN_STYLE = Automatic;
				INFOPLIST_FILE = MusicApp/Info.plist;
				LD_RUNPATH_SEARCH_PATHS = (
					"$(inherited)",
					"@executable_path/Frameworks",
				);
				PRODUCT_BUNDLE_IDENTIFIER = com.mmt.demoapp.MusicApp;
				PRODUCT_NAME = "$(TARGET_NAME)";
				TARGETED_DEVICE_FAMILY = "1,2";
			};
			name = Debug;
		};
		C1FCAAB724BF04B8001986DD /* Release */ = {
			isa = XCBuildConfiguration;
			buildSettings = {
				ASSETCATALOG_COMPILER_APPICON_NAME = AppIcon;
				CODE_SIGN_STYLE = Automatic;
				INFOPLIST_FILE = MusicApp/Info.plist;
				LD_RUNPATH_SEARCH_PATHS = (
					"$(inherited)",
					"@executable_path/Frameworks",
				);
				PRODUCT_BUNDLE_IDENTIFIER = com.mmt.demoapp.MusicApp;
				PRODUCT_NAME = "$(TARGET_NAME)";
				TARGETED_DEVICE_FAMILY = "1,2";
			};
			name = Release;
		};
/* End XCBuildConfiguration section */

/* Begin XCConfigurationList section */
		C1FCAA9A24BF04B5001986DD /* Build configuration list for PBXProject "MusicApp" */ = {
			isa = XCConfigurationList;
			buildConfigurations = (
				C1FCAAB324BF04B8001986DD /* Debug */,
				C1FCAAB424BF04B8001986DD /* Release */,
			);
			defaultConfigurationIsVisible = 0;
			defaultConfigurationName = Release;
		};
		C1FCAAB524BF04B8001986DD /* Build configuration list for PBXNativeTarget "MusicApp" */ = {
			isa = XCConfigurationList;
			buildConfigurations = (
				C1FCAAB624BF04B8001986DD /* Debug */,
				C1FCAAB724BF04B8001986DD /* Release */,
			);
			defaultConfigurationIsVisible = 0;
			defaultConfigurationName = Release;
		};
/* End XCConfigurationList section */
	};
	rootObject = C1FCAA9724BF04B5001986DD /* Project object */;
}
